
Microsoft Visual Studio Solution File, Format Version 12.00
Project("{FAE04EC0-301F-11D3-BF4B-00C04F79EFBC}") = "ICS_Project.DAL", "ICS_Project.DAL\ICS_Project.DAL.csproj", "{BE159EE7-9D44-4080-9804-F18EE005ACCC}"
EndProject
Project("{FAE04EC0-301F-11D3-BF4B-00C04F79EFBC}") = "ICS_Project.DAL.Tests", "ICS_Project.DAL.Tests\ICS_Project.DAL.Tests.csproj", "{0BB4A4A3-D9B4-43C0-9DE7-1AD10C25EDFF}"
EndProject
Project("{FAE04EC0-301F-11D3-BF4B-00C04F79EFBC}") = "ICS_Project.Common.Tests", "ICS_Project.Common.Tests\ICS_Project.Common.Tests.csproj", "{0CD9CE14-C5DF-41B0-987B-4F37F3CDAC3C}"
EndProject
Project("{FAE04EC0-301F-11D3-BF4B-00C04F79EFBC}") = "ICS_Project.BL", "ICS_Project.BL\ICS_Project.BL.csproj", "{3195156D-BD8C-46C7-9F47-12EAADF18C90}"
EndProject
Global
	GlobalSection(SolutionConfigurationPlatforms) = preSolution
		Debug|Any CPU = Debug|Any CPU
		Release|Any CPU = Release|Any CPU
	EndGlobalSection
	GlobalSection(ProjectConfigurationPlatforms) = postSolution
		{BE159EE7-9D44-4080-9804-F18EE005ACCC}.Debug|Any CPU.ActiveCfg = Debug|Any CPU
		{BE159EE7-9D44-4080-9804-F18EE005ACCC}.Debug|Any CPU.Build.0 = Debug|Any CPU
		{BE159EE7-9D44-4080-9804-F18EE005ACCC}.Release|Any CPU.ActiveCfg = Release|Any CPU
		{BE159EE7-9D44-4080-9804-F18EE005ACCC}.Release|Any CPU.Build.0 = Release|Any CPU
		{0BB4A4A3-D9B4-43C0-9DE7-1AD10C25EDFF}.Debug|Any CPU.ActiveCfg = Debug|Any CPU
		{0BB4A4A3-D9B4-43C0-9DE7-1AD10C25EDFF}.Debug|Any CPU.Build.0 = Debug|Any CPU
		{0BB4A4A3-D9B4-43C0-9DE7-1AD10C25EDFF}.Release|Any CPU.ActiveCfg = Release|Any CPU
		{0BB4A4A3-D9B4-43C0-9DE7-1AD10C25EDFF}.Release|Any CPU.Build.0 = Release|Any CPU
		{0CD9CE14-C5DF-41B0-987B-4F37F3CDAC3C}.Debug|Any CPU.ActiveCfg = Debug|Any CPU
		{0CD9CE14-C5DF-41B0-987B-4F37F3CDAC3C}.Debug|Any CPU.Build.0 = Debug|Any CPU
		{0CD9CE14-C5DF-41B0-987B-4F37F3CDAC3C}.Release|Any CPU.ActiveCfg = Release|Any CPU
		{0CD9CE14-C5DF-41B0-987B-4F37F3CDAC3C}.Release|Any CPU.Build.0 = Release|Any CPU
		{3195156D-BD8C-46C7-9F47-12EAADF18C90}.Debug|Any CPU.ActiveCfg = Debug|Any CPU
		{3195156D-BD8C-46C7-9F47-12EAADF18C90}.Debug|Any CPU.Build.0 = Debug|Any CPU
		{3195156D-BD8C-46C7-9F47-12EAADF18C90}.Release|Any CPU.ActiveCfg = Release|Any CPU
		{3195156D-BD8C-46C7-9F47-12EAADF18C90}.Release|Any CPU.Build.0 = Release|Any CPU
	EndGlobalSection
EndGlobal
